<Solution>
  <Project Path="Common/Common.csproj" Id="103386df-632f-4210-8881-21c5f8bfba74" />
  <Project Path="Logging/Logging.csproj" Id="2bc538f6-119e-4f1f-b07c-5bf46b6c2fb5" />
  <Project Path="MessageQueue/MessageQueue.csproj" Id="4fad544d-ffe8-45a4-b485-90d8382e5fb1" />
  <Project Path="SquareSearchMain/SquareSearchMain.csproj" />
  <Project Path="Visitor/Visitor.csproj" Id="ec6f2da6-320a-4eb0-811a-c5510a9eadc4" />
</Solution>
